PODS:
  - IPaLog (2.3)
  - IPaNetworkState (2.3)
  - IPaURLResourceUI (3.0):
    - IPaLog (>= 2.3)
    - IPaNetworkState (>= 2.3)

DEPENDENCIES:
  - IPaURLResourceUI (from `../`)

SPEC REPOS:
  https://github.com/ipapamagic/IPaPods.git:
    - IPaLog
    - IPaNetworkState

EXTERNAL SOURCES:
  IPaURLResourceUI:
    :path: "../"

SPEC CHECKSUMS:
  IPaLog: c9285b90746c5ec7082db4efafe996d680a0c222
  IPaNetworkState: 483a7e48eba13700974a8fbc6357febc5cbb7315
  IPaURLResourceUI: 68018f583fb65cb74152f7c21a86ffbaff3847ab

PODFILE CHECKSUM: 39a32db49f4241d800a6b1863c62ad50777d5657

COCOAPODS: 1.7.0.beta.2
