PODS:
  - IPaLog (2.3)
  - IPaNetworkState (2.3)
  - IPaURLResourceUI (3.0):
    - IPaLog (>= 2.3)
    - IPaNetworkState (>= 2.3)

DEPENDENCIES:
  - IPaURLResourceUI (from `../`)

SPEC REPOS:
  https://github.com/ipapamagic/IPaPods.git:
    - IPaLog
    - IPaNetworkState

EXTERNAL SOURCES:
  IPaURLResourceUI:
    :path: "../"

SPEC CHECKSUMS:
  IPaLog: 94e55e52fa0a4c3954ae8bf19bb56291d4d7ccb8
  IPaNetworkState: 483a7e48eba13700974a8fbc6357febc5cbb7315
  IPaURLResourceUI: 9cd5c49c59902a320f63949fb05c1e4fb4933985

PODFILE CHECKSUM: 39a32db49f4241d800a6b1863c62ad50777d5657

COCOAPODS: 1.8.3
