{
  "pins" : [
    {
      "identity" : "ipalog",
      "kind" : "remoteSourceControl",
      "location" : "https://github.com/ipapamagic/IPaLog.git",
      "state" : {
        "revision" : "f743fdc25bd1247139ebb9f9d800230786f6000b",
        "version" : "3.1.0"
      }
    },
    {
      "identity" : "ipaxmlsection",
      "kind" : "remoteSourceControl",
      "location" : "https://github.com/ipapamagic/IPaXMLSection.git",
      "state" : {
        "revision" : "b43fbdb26e55a68f48e33d5806344e37040fddef",
        "version" : "2.2.0"
      }
    }
  ],
  "version" : 2
}
